
Microsoft Visual Studio Solution File, Format Version 12.00
# Visual Studio Version 17
VisualStudioVersion = 17.0.31903.59
MinimumVisualStudioVersion = 10.0.40219.1
Project("{FAE04EC0-301F-11D3-BF4B-00C04F79EFBC}") = "XiaWiki.WebUI", "XiaWiki.WebUI\XiaWiki.WebUI.csproj", "{109EB344-63B8-4410-9FA4-F2165882AFB9}"
EndProject
Project("{FAE04EC0-301F-11D3-BF4B-00C04F79EFBC}") = "XiaWiki.Core", "XiaWiki.Core\XiaWiki.Core.csproj", "{D529FC30-8AEF-42D0-A484-59188D4887AD}"
EndProject
Project("{FAE04EC0-301F-11D3-BF4B-00C04F79EFBC}") = "XiaWiki.Infrastructure", "XiaWiki.Infrastructure\XiaWiki.Infrastructure.csproj", "{7ED7B0D6-D09D-4B09-8B9E-19548F4BAB98}"
EndProject
Project("{FAE04EC0-301F-11D3-BF4B-00C04F79EFBC}") = "XiaWiki.Tests", "XiaWiki.Tests\XiaWiki.Tests.csproj", "{C70F3E42-C9A6-458A-B568-12810348C982}"
EndProject
Project("{FAE04EC0-301F-11D3-BF4B-00C04F79EFBC}") = "XiaWiki.Shared", "XiaWiki.Shared\XiaWiki.Shared.csproj", "{0E9F7B82-FC4C-4161-8A20-DE0F586D29B9}"
EndProject
Global
	GlobalSection(SolutionConfigurationPlatforms) = preSolution
		Debug|Any CPU = Debug|Any CPU
		Release|Any CPU = Release|Any CPU
	EndGlobalSection
	GlobalSection(SolutionProperties) = preSolution
		HideSolutionNode = FALSE
	EndGlobalSection
	GlobalSection(ProjectConfigurationPlatforms) = postSolution
		{109EB344-63B8-4410-9FA4-F2165882AFB9}.Debug|Any CPU.ActiveCfg = Debug|Any CPU
		{109EB344-63B8-4410-9FA4-F2165882AFB9}.Debug|Any CPU.Build.0 = Debug|Any CPU
		{109EB344-63B8-4410-9FA4-F2165882AFB9}.Release|Any CPU.ActiveCfg = Release|Any CPU
		{109EB344-63B8-4410-9FA4-F2165882AFB9}.Release|Any CPU.Build.0 = Release|Any CPU
		{D529FC30-8AEF-42D0-A484-59188D4887AD}.Debug|Any CPU.ActiveCfg = Debug|Any CPU
		{D529FC30-8AEF-42D0-A484-59188D4887AD}.Debug|Any CPU.Build.0 = Debug|Any CPU
		{D529FC30-8AEF-42D0-A484-59188D4887AD}.Release|Any CPU.ActiveCfg = Release|Any CPU
		{D529FC30-8AEF-42D0-A484-59188D4887AD}.Release|Any CPU.Build.0 = Release|Any CPU
		{7ED7B0D6-D09D-4B09-8B9E-19548F4BAB98}.Debug|Any CPU.ActiveCfg = Debug|Any CPU
		{7ED7B0D6-D09D-4B09-8B9E-19548F4BAB98}.Debug|Any CPU.Build.0 = Debug|Any CPU
		{7ED7B0D6-D09D-4B09-8B9E-19548F4BAB98}.Release|Any CPU.ActiveCfg = Release|Any CPU
		{7ED7B0D6-D09D-4B09-8B9E-19548F4BAB98}.Release|Any CPU.Build.0 = Release|Any CPU
		{C70F3E42-C9A6-458A-B568-12810348C982}.Debug|Any CPU.ActiveCfg = Debug|Any CPU
		{C70F3E42-C9A6-458A-B568-12810348C982}.Debug|Any CPU.Build.0 = Debug|Any CPU
		{C70F3E42-C9A6-458A-B568-12810348C982}.Release|Any CPU.ActiveCfg = Release|Any CPU
		{C70F3E42-C9A6-458A-B568-12810348C982}.Release|Any CPU.Build.0 = Release|Any CPU
		{0E9F7B82-FC4C-4161-8A20-DE0F586D29B9}.Debug|Any CPU.ActiveCfg = Debug|Any CPU
		{0E9F7B82-FC4C-4161-8A20-DE0F586D29B9}.Debug|Any CPU.Build.0 = Debug|Any CPU
		{0E9F7B82-FC4C-4161-8A20-DE0F586D29B9}.Release|Any CPU.ActiveCfg = Release|Any CPU
		{0E9F7B82-FC4C-4161-8A20-DE0F586D29B9}.Release|Any CPU.Build.0 = Release|Any CPU
	EndGlobalSection
EndGlobal
